
Microsoft Visual Studio Solution File, Format Version 12.00
# Visual Studio 14
Project("{2150E333-8FDC-42A3-9474-1A3956D46DE8}") = "CMakePredefinedTargets", "CMakePredefinedTargets", "{1F4F9077-8DEA-3508-9CEC-0DE30EDECB0E}"
EndProject
Project("{2150E333-8FDC-42A3-9474-1A3956D46DE8}") = "External", "External", "{0EC63F18-96F1-30F3-B34B-E8059EFBB349}"
EndProject
Project("{2150E333-8FDC-42A3-9474-1A3956D46DE8}") = "Internal", "Internal", "{AB36A339-F460-3EB0-B830-4B8B8F61B9CD}"
EndProject
Project("{2150E333-8FDC-42A3-9474-1A3956D46DE8}") = "Utils", "Utils", "{E02CD1FB-BFCB-35E1-A2DB-D19619569112}"
EndProject
Project("{8BC9CEB8-8B4A-11D0-8D11-00A0C91BC942}") = "ALL_BUILD", "ALL_BUILD.vcxproj", "{D3A4DE9C-F326-3537-B64E-C2077B1C46AA}"
	ProjectSection(ProjectDependencies) = postProject
		{1B5F858C-0AEC-3AEA-97C2-262EACA67F05} = {1B5F858C-0AEC-3AEA-97C2-262EACA67F05}
		{8B9CA9AC-A1D1-3521-AA63-6C9E5EFB825D} = {8B9CA9AC-A1D1-3521-AA63-6C9E5EFB825D}
		{664BDDEC-8F8B-3A8B-B888-D2AFBC81927B} = {664BDDEC-8F8B-3A8B-B888-D2AFBC81927B}
		{44838BA7-901E-3325-BC2F-3A1664EBB23F} = {44838BA7-901E-3325-BC2F-3A1664EBB23F}
		{C17A02D9-241F-396F-B0D8-354E58C81A24} = {C17A02D9-241F-396F-B0D8-354E58C81A24}
		{9D755CEA-8011-3F62-9923-699F8C572F6C} = {9D755CEA-8011-3F62-9923-699F8C572F6C}
		{CE596F32-B4CE-3B05-AE04-424149FEE2B4} = {CE596F32-B4CE-3B05-AE04-424149FEE2B4}
		{9E40C7D5-E20A-34E5-B39A-21F5FEB8E2A1} = {9E40C7D5-E20A-34E5-B39A-21F5FEB8E2A1}
		{8981559D-96AE-3B3B-AE2C-CDE44980897E} = {8981559D-96AE-3B3B-AE2C-CDE44980897E}
		{FE0EB75E-D7A8-3B0F-866F-EB81D39A29E9} = {FE0EB75E-D7A8-3B0F-866F-EB81D39A29E9}
		{58643451-3570-38D0-869E-A6EDE0B37EDC} = {58643451-3570-38D0-869E-A6EDE0B37EDC}
		{A043ED76-D24C-3D1A-B7F7-C8B9F74120A5} = {A043ED76-D24C-3D1A-B7F7-C8B9F74120A5}
		{0DEA32C2-CA69-3203-85D6-219672CDEF48} = {0DEA32C2-CA69-3203-85D6-219672CDEF48}
		{EF01220B-2940-36C3-9707-08460D58A6E4} = {EF01220B-2940-36C3-9707-08460D58A6E4}
		{0073A54C-9BB8-3975-A357-DE0E7654A5AE} = {0073A54C-9BB8-3975-A357-DE0E7654A5AE}
	EndProjectSection
EndProject
Project("{8BC9CEB8-8B4A-11D0-8D11-00A0C91BC942}") = "SYNC_RESOURCE-TDShooting", "SYNC_RESOURCE-TDShooting.vcxproj", "{1B5F858C-0AEC-3AEA-97C2-262EACA67F05}"
	ProjectSection(ProjectDependencies) = postProject
		{664BDDEC-8F8B-3A8B-B888-D2AFBC81927B} = {664BDDEC-8F8B-3A8B-B888-D2AFBC81927B}
	EndProjectSection
EndProject
Project("{8BC9CEB8-8B4A-11D0-8D11-00A0C91BC942}") = "TDShooting", "TDShooting.vcxproj", "{8B9CA9AC-A1D1-3521-AA63-6C9E5EFB825D}"
	ProjectSection(ProjectDependencies) = postProject
		{1B5F858C-0AEC-3AEA-97C2-262EACA67F05} = {1B5F858C-0AEC-3AEA-97C2-262EACA67F05}
		{664BDDEC-8F8B-3A8B-B888-D2AFBC81927B} = {664BDDEC-8F8B-3A8B-B888-D2AFBC81927B}
		{44838BA7-901E-3325-BC2F-3A1664EBB23F} = {44838BA7-901E-3325-BC2F-3A1664EBB23F}
		{C17A02D9-241F-396F-B0D8-354E58C81A24} = {C17A02D9-241F-396F-B0D8-354E58C81A24}
		{9D755CEA-8011-3F62-9923-699F8C572F6C} = {9D755CEA-8011-3F62-9923-699F8C572F6C}
		{CE596F32-B4CE-3B05-AE04-424149FEE2B4} = {CE596F32-B4CE-3B05-AE04-424149FEE2B4}
		{9E40C7D5-E20A-34E5-B39A-21F5FEB8E2A1} = {9E40C7D5-E20A-34E5-B39A-21F5FEB8E2A1}
		{8981559D-96AE-3B3B-AE2C-CDE44980897E} = {8981559D-96AE-3B3B-AE2C-CDE44980897E}
		{FE0EB75E-D7A8-3B0F-866F-EB81D39A29E9} = {FE0EB75E-D7A8-3B0F-866F-EB81D39A29E9}
		{58643451-3570-38D0-869E-A6EDE0B37EDC} = {58643451-3570-38D0-869E-A6EDE0B37EDC}
		{A043ED76-D24C-3D1A-B7F7-C8B9F74120A5} = {A043ED76-D24C-3D1A-B7F7-C8B9F74120A5}
		{0DEA32C2-CA69-3203-85D6-219672CDEF48} = {0DEA32C2-CA69-3203-85D6-219672CDEF48}
		{EF01220B-2940-36C3-9707-08460D58A6E4} = {EF01220B-2940-36C3-9707-08460D58A6E4}
		{0073A54C-9BB8-3975-A357-DE0E7654A5AE} = {0073A54C-9BB8-3975-A357-DE0E7654A5AE}
	EndProjectSection
EndProject
Project("{8BC9CEB8-8B4A-11D0-8D11-00A0C91BC942}") = "ZERO_CHECK", "ZERO_CHECK.vcxproj", "{664BDDEC-8F8B-3A8B-B888-D2AFBC81927B}"
	ProjectSection(ProjectDependencies) = postProject
	EndProjectSection
EndProject
Project("{8BC9CEB8-8B4A-11D0-8D11-00A0C91BC942}") = "cocos2d", "engine\cocos\core\cocos2d.vcxproj", "{44838BA7-901E-3325-BC2F-3A1664EBB23F}"
	ProjectSection(ProjectDependencies) = postProject
		{664BDDEC-8F8B-3A8B-B888-D2AFBC81927B} = {664BDDEC-8F8B-3A8B-B888-D2AFBC81927B}
		{C17A02D9-241F-396F-B0D8-354E58C81A24} = {C17A02D9-241F-396F-B0D8-354E58C81A24}
		{9D755CEA-8011-3F62-9923-699F8C572F6C} = {9D755CEA-8011-3F62-9923-699F8C572F6C}
		{CE596F32-B4CE-3B05-AE04-424149FEE2B4} = {CE596F32-B4CE-3B05-AE04-424149FEE2B4}
		{9E40C7D5-E20A-34E5-B39A-21F5FEB8E2A1} = {9E40C7D5-E20A-34E5-B39A-21F5FEB8E2A1}
		{8981559D-96AE-3B3B-AE2C-CDE44980897E} = {8981559D-96AE-3B3B-AE2C-CDE44980897E}
		{FE0EB75E-D7A8-3B0F-866F-EB81D39A29E9} = {FE0EB75E-D7A8-3B0F-866F-EB81D39A29E9}
		{58643451-3570-38D0-869E-A6EDE0B37EDC} = {58643451-3570-38D0-869E-A6EDE0B37EDC}
		{A043ED76-D24C-3D1A-B7F7-C8B9F74120A5} = {A043ED76-D24C-3D1A-B7F7-C8B9F74120A5}
		{0DEA32C2-CA69-3203-85D6-219672CDEF48} = {0DEA32C2-CA69-3203-85D6-219672CDEF48}
		{EF01220B-2940-36C3-9707-08460D58A6E4} = {EF01220B-2940-36C3-9707-08460D58A6E4}
		{0073A54C-9BB8-3975-A357-DE0E7654A5AE} = {0073A54C-9BB8-3975-A357-DE0E7654A5AE}
	EndProjectSection
EndProject
Project("{8BC9CEB8-8B4A-11D0-8D11-00A0C91BC942}") = "ext_clipper", "engine\external\clipper\ext_clipper.vcxproj", "{C17A02D9-241F-396F-B0D8-354E58C81A24}"
	ProjectSection(ProjectDependencies) = postProject
		{664BDDEC-8F8B-3A8B-B888-D2AFBC81927B} = {664BDDEC-8F8B-3A8B-B888-D2AFBC81927B}
	EndProjectSection
EndProject
Project("{8BC9CEB8-8B4A-11D0-8D11-00A0C91BC942}") = "ext_convertUTF", "engine\external\ConvertUTF\ext_convertUTF.vcxproj", "{9D755CEA-8011-3F62-9923-699F8C572F6C}"
	ProjectSection(ProjectDependencies) = postProject
		{664BDDEC-8F8B-3A8B-B888-D2AFBC81927B} = {664BDDEC-8F8B-3A8B-B888-D2AFBC81927B}
	EndProjectSection
EndProject
Project("{8BC9CEB8-8B4A-11D0-8D11-00A0C91BC942}") = "ext_edtaa3func", "engine\external\edtaa3func\ext_edtaa3func.vcxproj", "{CE596F32-B4CE-3B05-AE04-424149FEE2B4}"
	ProjectSection(ProjectDependencies) = postProject
		{664BDDEC-8F8B-3A8B-B888-D2AFBC81927B} = {664BDDEC-8F8B-3A8B-B888-D2AFBC81927B}
	EndProjectSection
EndProject
Project("{8BC9CEB8-8B4A-11D0-8D11-00A0C91BC942}") = "ext_md5", "engine\external\md5\ext_md5.vcxproj", "{9E40C7D5-E20A-34E5-B39A-21F5FEB8E2A1}"
	ProjectSection(ProjectDependencies) = postProject
		{664BDDEC-8F8B-3A8B-B888-D2AFBC81927B} = {664BDDEC-8F8B-3A8B-B888-D2AFBC81927B}
	EndProjectSection
EndProject
Project("{8BC9CEB8-8B4A-11D0-8D11-00A0C91BC942}") = "ext_poly2tri", "engine\external\poly2tri\ext_poly2tri.vcxproj", "{8981559D-96AE-3B3B-AE2C-CDE44980897E}"
	ProjectSection(ProjectDependencies) = postProject
		{664BDDEC-8F8B-3A8B-B888-D2AFBC81927B} = {664BDDEC-8F8B-3A8B-B888-D2AFBC81927B}
	EndProjectSection
EndProject
Project("{8BC9CEB8-8B4A-11D0-8D11-00A0C91BC942}") = "ext_recast", "engine\external\recast\ext_recast.vcxproj", "{FE0EB75E-D7A8-3B0F-866F-EB81D39A29E9}"
	ProjectSection(ProjectDependencies) = postProject
		{664BDDEC-8F8B-3A8B-B888-D2AFBC81927B} = {664BDDEC-8F8B-3A8B-B888-D2AFBC81927B}
	EndProjectSection
EndProject
Project("{8BC9CEB8-8B4A-11D0-8D11-00A0C91BC942}") = "ext_tinyxml2", "engine\external\tinyxml2\ext_tinyxml2.vcxproj", "{58643451-3570-38D0-869E-A6EDE0B37EDC}"
	ProjectSection(ProjectDependencies) = postProject
		{664BDDEC-8F8B-3A8B-B888-D2AFBC81927B} = {664BDDEC-8F8B-3A8B-B888-D2AFBC81927B}
	EndProjectSection
EndProject
Project("{8BC9CEB8-8B4A-11D0-8D11-00A0C91BC942}") = "ext_unzip", "engine\external\unzip\ext_unzip.vcxproj", "{A043ED76-D24C-3D1A-B7F7-C8B9F74120A5}"
	ProjectSection(ProjectDependencies) = postProject
		{664BDDEC-8F8B-3A8B-B888-D2AFBC81927B} = {664BDDEC-8F8B-3A8B-B888-D2AFBC81927B}
	EndProjectSection
EndProject
Project("{8BC9CEB8-8B4A-11D0-8D11-00A0C91BC942}") = "ext_xxhash", "engine\external\xxhash\ext_xxhash.vcxproj", "{0DEA32C2-CA69-3203-85D6-219672CDEF48}"
	ProjectSection(ProjectDependencies) = postProject
		{664BDDEC-8F8B-3A8B-B888-D2AFBC81927B} = {664BDDEC-8F8B-3A8B-B888-D2AFBC81927B}
	EndProjectSection
EndProject
Project("{8BC9CEB8-8B4A-11D0-8D11-00A0C91BC942}") = "ext_xxtea", "engine\external\xxtea\ext_xxtea.vcxproj", "{EF01220B-2940-36C3-9707-08460D58A6E4}"
	ProjectSection(ProjectDependencies) = postProject
		{664BDDEC-8F8B-3A8B-B888-D2AFBC81927B} = {664BDDEC-8F8B-3A8B-B888-D2AFBC81927B}
	EndProjectSection
EndProject
Project("{8BC9CEB8-8B4A-11D0-8D11-00A0C91BC942}") = "external", "engine\external\external.vcxproj", "{0073A54C-9BB8-3975-A357-DE0E7654A5AE}"
	ProjectSection(ProjectDependencies) = postProject
		{664BDDEC-8F8B-3A8B-B888-D2AFBC81927B} = {664BDDEC-8F8B-3A8B-B888-D2AFBC81927B}
		{C17A02D9-241F-396F-B0D8-354E58C81A24} = {C17A02D9-241F-396F-B0D8-354E58C81A24}
		{9D755CEA-8011-3F62-9923-699F8C572F6C} = {9D755CEA-8011-3F62-9923-699F8C572F6C}
		{CE596F32-B4CE-3B05-AE04-424149FEE2B4} = {CE596F32-B4CE-3B05-AE04-424149FEE2B4}
		{9E40C7D5-E20A-34E5-B39A-21F5FEB8E2A1} = {9E40C7D5-E20A-34E5-B39A-21F5FEB8E2A1}
		{8981559D-96AE-3B3B-AE2C-CDE44980897E} = {8981559D-96AE-3B3B-AE2C-CDE44980897E}
		{FE0EB75E-D7A8-3B0F-866F-EB81D39A29E9} = {FE0EB75E-D7A8-3B0F-866F-EB81D39A29E9}
		{58643451-3570-38D0-869E-A6EDE0B37EDC} = {58643451-3570-38D0-869E-A6EDE0B37EDC}
		{A043ED76-D24C-3D1A-B7F7-C8B9F74120A5} = {A043ED76-D24C-3D1A-B7F7-C8B9F74120A5}
		{0DEA32C2-CA69-3203-85D6-219672CDEF48} = {0DEA32C2-CA69-3203-85D6-219672CDEF48}
		{EF01220B-2940-36C3-9707-08460D58A6E4} = {EF01220B-2940-36C3-9707-08460D58A6E4}
	EndProjectSection
EndProject
Global
	GlobalSection(SolutionConfigurationPlatforms) = preSolution
		Debug|Win32 = Debug|Win32
		Release|Win32 = Release|Win32
		MinSizeRel|Win32 = MinSizeRel|Win32
		RelWithDebInfo|Win32 = RelWithDebInfo|Win32
	EndGlobalSection
	GlobalSection(ProjectConfigurationPlatforms) = postSolution
		{D3A4DE9C-F326-3537-B64E-C2077B1C46AA}.Debug|Win32.ActiveCfg = Debug|Win32
		{D3A4DE9C-F326-3537-B64E-C2077B1C46AA}.Release|Win32.ActiveCfg = Release|Win32
		{D3A4DE9C-F326-3537-B64E-C2077B1C46AA}.MinSizeRel|Win32.ActiveCfg = MinSizeRel|Win32
		{D3A4DE9C-F326-3537-B64E-C2077B1C46AA}.RelWithDebInfo|Win32.ActiveCfg = RelWithDebInfo|Win32
		{1B5F858C-0AEC-3AEA-97C2-262EACA67F05}.Debug|Win32.ActiveCfg = Debug|Win32
		{1B5F858C-0AEC-3AEA-97C2-262EACA67F05}.Debug|Win32.Build.0 = Debug|Win32
		{1B5F858C-0AEC-3AEA-97C2-262EACA67F05}.Release|Win32.ActiveCfg = Release|Win32
		{1B5F858C-0AEC-3AEA-97C2-262EACA67F05}.Release|Win32.Build.0 = Release|Win32
		{1B5F858C-0AEC-3AEA-97C2-262EACA67F05}.MinSizeRel|Win32.ActiveCfg = MinSizeRel|Win32
		{1B5F858C-0AEC-3AEA-97C2-262EACA67F05}.MinSizeRel|Win32.Build.0 = MinSizeRel|Win32
		{1B5F858C-0AEC-3AEA-97C2-262EACA67F05}.RelWithDebInfo|Win32.ActiveCfg = RelWithDebInfo|Win32
		{1B5F858C-0AEC-3AEA-97C2-262EACA67F05}.RelWithDebInfo|Win32.Build.0 = RelWithDebInfo|Win32
		{8B9CA9AC-A1D1-3521-AA63-6C9E5EFB825D}.Debug|Win32.ActiveCfg = Debug|Win32
		{8B9CA9AC-A1D1-3521-AA63-6C9E5EFB825D}.Debug|Win32.Build.0 = Debug|Win32
		{8B9CA9AC-A1D1-3521-AA63-6C9E5EFB825D}.Release|Win32.ActiveCfg = Release|Win32
		{8B9CA9AC-A1D1-3521-AA63-6C9E5EFB825D}.Release|Win32.Build.0 = Release|Win32
		{8B9CA9AC-A1D1-3521-AA63-6C9E5EFB825D}.MinSizeRel|Win32.ActiveCfg = MinSizeRel|Win32
		{8B9CA9AC-A1D1-3521-AA63-6C9E5EFB825D}.MinSizeRel|Win32.Build.0 = MinSizeRel|Win32
		{8B9CA9AC-A1D1-3521-AA63-6C9E5EFB825D}.RelWithDebInfo|Win32.ActiveCfg = RelWithDebInfo|Win32
		{8B9CA9AC-A1D1-3521-AA63-6C9E5EFB825D}.RelWithDebInfo|Win32.Build.0 = RelWithDebInfo|Win32
		{664BDDEC-8F8B-3A8B-B888-D2AFBC81927B}.Debug|Win32.ActiveCfg = Debug|Win32
		{664BDDEC-8F8B-3A8B-B888-D2AFBC81927B}.Debug|Win32.Build.0 = Debug|Win32
		{664BDDEC-8F8B-3A8B-B888-D2AFBC81927B}.Release|Win32.ActiveCfg = Release|Win32
		{664BDDEC-8F8B-3A8B-B888-D2AFBC81927B}.Release|Win32.Build.0 = Release|Win32
		{664BDDEC-8F8B-3A8B-B888-D2AFBC81927B}.MinSizeRel|Win32.ActiveCfg = MinSizeRel|Win32
		{664BDDEC-8F8B-3A8B-B888-D2AFBC81927B}.MinSizeRel|Win32.Build.0 = MinSizeRel|Win32
		{664BDDEC-8F8B-3A8B-B888-D2AFBC81927B}.RelWithDebInfo|Win32.ActiveCfg = RelWithDebInfo|Win32
		{664BDDEC-8F8B-3A8B-B888-D2AFBC81927B}.RelWithDebInfo|Win32.Build.0 = RelWithDebInfo|Win32
		{44838BA7-901E-3325-BC2F-3A1664EBB23F}.Debug|Win32.ActiveCfg = Debug|Win32
		{44838BA7-901E-3325-BC2F-3A1664EBB23F}.Debug|Win32.Build.0 = Debug|Win32
		{44838BA7-901E-3325-BC2F-3A1664EBB23F}.Release|Win32.ActiveCfg = Release|Win32
		{44838BA7-901E-3325-BC2F-3A1664EBB23F}.Release|Win32.Build.0 = Release|Win32
		{44838BA7-901E-3325-BC2F-3A1664EBB23F}.MinSizeRel|Win32.ActiveCfg = MinSizeRel|Win32
		{44838BA7-901E-3325-BC2F-3A1664EBB23F}.MinSizeRel|Win32.Build.0 = MinSizeRel|Win32
		{44838BA7-901E-3325-BC2F-3A1664EBB23F}.RelWithDebInfo|Win32.ActiveCfg = RelWithDebInfo|Win32
		{44838BA7-901E-3325-BC2F-3A1664EBB23F}.RelWithDebInfo|Win32.Build.0 = RelWithDebInfo|Win32
		{C17A02D9-241F-396F-B0D8-354E58C81A24}.Debug|Win32.ActiveCfg = Debug|Win32
		{C17A02D9-241F-396F-B0D8-354E58C81A24}.Debug|Win32.Build.0 = Debug|Win32
		{C17A02D9-241F-396F-B0D8-354E58C81A24}.Release|Win32.ActiveCfg = Release|Win32
		{C17A02D9-241F-396F-B0D8-354E58C81A24}.Release|Win32.Build.0 = Release|Win32
		{C17A02D9-241F-396F-B0D8-354E58C81A24}.MinSizeRel|Win32.ActiveCfg = MinSizeRel|Win32
		{C17A02D9-241F-396F-B0D8-354E58C81A24}.MinSizeRel|Win32.Build.0 = MinSizeRel|Win32
		{C17A02D9-241F-396F-B0D8-354E58C81A24}.RelWithDebInfo|Win32.ActiveCfg = RelWithDebInfo|Win32
		{C17A02D9-241F-396F-B0D8-354E58C81A24}.RelWithDebInfo|Win32.Build.0 = RelWithDebInfo|Win32
		{9D755CEA-8011-3F62-9923-699F8C572F6C}.Debug|Win32.ActiveCfg = Debug|Win32
		{9D755CEA-8011-3F62-9923-699F8C572F6C}.Debug|Win32.Build.0 = Debug|Win32
		{9D755CEA-8011-3F62-9923-699F8C572F6C}.Release|Win32.ActiveCfg = Release|Win32
		{9D755CEA-8011-3F62-9923-699F8C572F6C}.Release|Win32.Build.0 = Release|Win32
		{9D755CEA-8011-3F62-9923-699F8C572F6C}.MinSizeRel|Win32.ActiveCfg = MinSizeRel|Win32
		{9D755CEA-8011-3F62-9923-699F8C572F6C}.MinSizeRel|Win32.Build.0 = MinSizeRel|Win32
		{9D755CEA-8011-3F62-9923-699F8C572F6C}.RelWithDebInfo|Win32.ActiveCfg = RelWithDebInfo|Win32
		{9D755CEA-8011-3F62-9923-699F8C572F6C}.RelWithDebInfo|Win32.Build.0 = RelWithDebInfo|Win32
		{CE596F32-B4CE-3B05-AE04-424149FEE2B4}.Debug|Win32.ActiveCfg = Debug|Win32
		{CE596F32-B4CE-3B05-AE04-424149FEE2B4}.Debug|Win32.Build.0 = Debug|Win32
		{CE596F32-B4CE-3B05-AE04-424149FEE2B4}.Release|Win32.ActiveCfg = Release|Win32
		{CE596F32-B4CE-3B05-AE04-424149FEE2B4}.Release|Win32.Build.0 = Release|Win32
		{CE596F32-B4CE-3B05-AE04-424149FEE2B4}.MinSizeRel|Win32.ActiveCfg = MinSizeRel|Win32
		{CE596F32-B4CE-3B05-AE04-424149FEE2B4}.MinSizeRel|Win32.Build.0 = MinSizeRel|Win32
		{CE596F32-B4CE-3B05-AE04-424149FEE2B4}.RelWithDebInfo|Win32.ActiveCfg = RelWithDebInfo|Win32
		{CE596F32-B4CE-3B05-AE04-424149FEE2B4}.RelWithDebInfo|Win32.Build.0 = RelWithDebInfo|Win32
		{9E40C7D5-E20A-34E5-B39A-21F5FEB8E2A1}.Debug|Win32.ActiveCfg = Debug|Win32
		{9E40C7D5-E20A-34E5-B39A-21F5FEB8E2A1}.Debug|Win32.Build.0 = Debug|Win32
		{9E40C7D5-E20A-34E5-B39A-21F5FEB8E2A1}.Release|Win32.ActiveCfg = Release|Win32
		{9E40C7D5-E20A-34E5-B39A-21F5FEB8E2A1}.Release|Win32.Build.0 = Release|Win32
		{9E40C7D5-E20A-34E5-B39A-21F5FEB8E2A1}.MinSizeRel|Win32.ActiveCfg = MinSizeRel|Win32
		{9E40C7D5-E20A-34E5-B39A-21F5FEB8E2A1}.MinSizeRel|Win32.Build.0 = MinSizeRel|Win32
		{9E40C7D5-E20A-34E5-B39A-21F5FEB8E2A1}.RelWithDebInfo|Win32.ActiveCfg = RelWithDebInfo|Win32
		{9E40C7D5-E20A-34E5-B39A-21F5FEB8E2A1}.RelWithDebInfo|Win32.Build.0 = RelWithDebInfo|Win32
		{8981559D-96AE-3B3B-AE2C-CDE44980897E}.Debug|Win32.ActiveCfg = Debug|Win32
		{8981559D-96AE-3B3B-AE2C-CDE44980897E}.Debug|Win32.Build.0 = Debug|Win32
		{8981559D-96AE-3B3B-AE2C-CDE44980897E}.Release|Win32.ActiveCfg = Release|Win32
		{8981559D-96AE-3B3B-AE2C-CDE44980897E}.Release|Win32.Build.0 = Release|Win32
		{8981559D-96AE-3B3B-AE2C-CDE44980897E}.MinSizeRel|Win32.ActiveCfg = MinSizeRel|Win32
		{8981559D-96AE-3B3B-AE2C-CDE44980897E}.MinSizeRel|Win32.Build.0 = MinSizeRel|Win32
		{8981559D-96AE-3B3B-AE2C-CDE44980897E}.RelWithDebInfo|Win32.ActiveCfg = RelWithDebInfo|Win32
		{8981559D-96AE-3B3B-AE2C-CDE44980897E}.RelWithDebInfo|Win32.Build.0 = RelWithDebInfo|Win32
		{FE0EB75E-D7A8-3B0F-866F-EB81D39A29E9}.Debug|Win32.ActiveCfg = Debug|Win32
		{FE0EB75E-D7A8-3B0F-866F-EB81D39A29E9}.Debug|Win32.Build.0 = Debug|Win32
		{FE0EB75E-D7A8-3B0F-866F-EB81D39A29E9}.Release|Win32.ActiveCfg = Release|Win32
		{FE0EB75E-D7A8-3B0F-866F-EB81D39A29E9}.Release|Win32.Build.0 = Release|Win32
		{FE0EB75E-D7A8-3B0F-866F-EB81D39A29E9}.MinSizeRel|Win32.ActiveCfg = MinSizeRel|Win32
		{FE0EB75E-D7A8-3B0F-866F-EB81D39A29E9}.MinSizeRel|Win32.Build.0 = MinSizeRel|Win32
		{FE0EB75E-D7A8-3B0F-866F-EB81D39A29E9}.RelWithDebInfo|Win32.ActiveCfg = RelWithDebInfo|Win32
		{FE0EB75E-D7A8-3B0F-866F-EB81D39A29E9}.RelWithDebInfo|Win32.Build.0 = RelWithDebInfo|Win32
		{58643451-3570-38D0-869E-A6EDE0B37EDC}.Debug|Win32.ActiveCfg = Debug|Win32
		{58643451-3570-38D0-869E-A6EDE0B37EDC}.Debug|Win32.Build.0 = Debug|Win32
		{58643451-3570-38D0-869E-A6EDE0B37EDC}.Release|Win32.ActiveCfg = Release|Win32
		{58643451-3570-38D0-869E-A6EDE0B37EDC}.Release|Win32.Build.0 = Release|Win32
		{58643451-3570-38D0-869E-A6EDE0B37EDC}.MinSizeRel|Win32.ActiveCfg = MinSizeRel|Win32
		{58643451-3570-38D0-869E-A6EDE0B37EDC}.MinSizeRel|Win32.Build.0 = MinSizeRel|Win32
		{58643451-3570-38D0-869E-A6EDE0B37EDC}.RelWithDebInfo|Win32.ActiveCfg = RelWithDebInfo|Win32
		{58643451-3570-38D0-869E-A6EDE0B37EDC}.RelWithDebInfo|Win32.Build.0 = RelWithDebInfo|Win32
		{A043ED76-D24C-3D1A-B7F7-C8B9F74120A5}.Debug|Win32.ActiveCfg = Debug|Win32
		{A043ED76-D24C-3D1A-B7F7-C8B9F74120A5}.Debug|Win32.Build.0 = Debug|Win32
		{A043ED76-D24C-3D1A-B7F7-C8B9F74120A5}.Release|Win32.ActiveCfg = Release|Win32
		{A043ED76-D24C-3D1A-B7F7-C8B9F74120A5}.Release|Win32.Build.0 = Release|Win32
		{A043ED76-D24C-3D1A-B7F7-C8B9F74120A5}.MinSizeRel|Win32.ActiveCfg = MinSizeRel|Win32
		{A043ED76-D24C-3D1A-B7F7-C8B9F74120A5}.MinSizeRel|Win32.Build.0 = MinSizeRel|Win32
		{A043ED76-D24C-3D1A-B7F7-C8B9F74120A5}.RelWithDebInfo|Win32.ActiveCfg = RelWithDebInfo|Win32
		{A043ED76-D24C-3D1A-B7F7-C8B9F74120A5}.RelWithDebInfo|Win32.Build.0 = RelWithDebInfo|Win32
		{0DEA32C2-CA69-3203-85D6-219672CDEF48}.Debug|Win32.ActiveCfg = Debug|Win32
		{0DEA32C2-CA69-3203-85D6-219672CDEF48}.Debug|Win32.Build.0 = Debug|Win32
		{0DEA32C2-CA69-3203-85D6-219672CDEF48}.Release|Win32.ActiveCfg = Release|Win32
		{0DEA32C2-CA69-3203-85D6-219672CDEF48}.Release|Win32.Build.0 = Release|Win32
		{0DEA32C2-CA69-3203-85D6-219672CDEF48}.MinSizeRel|Win32.ActiveCfg = MinSizeRel|Win32
		{0DEA32C2-CA69-3203-85D6-219672CDEF48}.MinSizeRel|Win32.Build.0 = MinSizeRel|Win32
		{0DEA32C2-CA69-3203-85D6-219672CDEF48}.RelWithDebInfo|Win32.ActiveCfg = RelWithDebInfo|Win32
		{0DEA32C2-CA69-3203-85D6-219672CDEF48}.RelWithDebInfo|Win32.Build.0 = RelWithDebInfo|Win32
		{EF01220B-2940-36C3-9707-08460D58A6E4}.Debug|Win32.ActiveCfg = Debug|Win32
		{EF01220B-2940-36C3-9707-08460D58A6E4}.Debug|Win32.Build.0 = Debug|Win32
		{EF01220B-2940-36C3-9707-08460D58A6E4}.Release|Win32.ActiveCfg = Release|Win32
		{EF01220B-2940-36C3-9707-08460D58A6E4}.Release|Win32.Build.0 = Release|Win32
		{EF01220B-2940-36C3-9707-08460D58A6E4}.MinSizeRel|Win32.ActiveCfg = MinSizeRel|Win32
		{EF01220B-2940-36C3-9707-08460D58A6E4}.MinSizeRel|Win32.Build.0 = MinSizeRel|Win32
		{EF01220B-2940-36C3-9707-08460D58A6E4}.RelWithDebInfo|Win32.ActiveCfg = RelWithDebInfo|Win32
		{EF01220B-2940-36C3-9707-08460D58A6E4}.RelWithDebInfo|Win32.Build.0 = RelWithDebInfo|Win32
		{0073A54C-9BB8-3975-A357-DE0E7654A5AE}.Debug|Win32.ActiveCfg = Debug|Win32
		{0073A54C-9BB8-3975-A357-DE0E7654A5AE}.Debug|Win32.Build.0 = Debug|Win32
		{0073A54C-9BB8-3975-A357-DE0E7654A5AE}.Release|Win32.ActiveCfg = Release|Win32
		{0073A54C-9BB8-3975-A357-DE0E7654A5AE}.Release|Win32.Build.0 = Release|Win32
		{0073A54C-9BB8-3975-A357-DE0E7654A5AE}.MinSizeRel|Win32.ActiveCfg = MinSizeRel|Win32
		{0073A54C-9BB8-3975-A357-DE0E7654A5AE}.MinSizeRel|Win32.Build.0 = MinSizeRel|Win32
		{0073A54C-9BB8-3975-A357-DE0E7654A5AE}.RelWithDebInfo|Win32.ActiveCfg = RelWithDebInfo|Win32
		{0073A54C-9BB8-3975-A357-DE0E7654A5AE}.RelWithDebInfo|Win32.Build.0 = RelWithDebInfo|Win32
	EndGlobalSection
	GlobalSection(NestedProjects) = preSolution
		{D3A4DE9C-F326-3537-B64E-C2077B1C46AA} = {1F4F9077-8DEA-3508-9CEC-0DE30EDECB0E}
		{664BDDEC-8F8B-3A8B-B888-D2AFBC81927B} = {1F4F9077-8DEA-3508-9CEC-0DE30EDECB0E}
		{C17A02D9-241F-396F-B0D8-354E58C81A24} = {0EC63F18-96F1-30F3-B34B-E8059EFBB349}
		{9D755CEA-8011-3F62-9923-699F8C572F6C} = {0EC63F18-96F1-30F3-B34B-E8059EFBB349}
		{CE596F32-B4CE-3B05-AE04-424149FEE2B4} = {0EC63F18-96F1-30F3-B34B-E8059EFBB349}
		{9E40C7D5-E20A-34E5-B39A-21F5FEB8E2A1} = {0EC63F18-96F1-30F3-B34B-E8059EFBB349}
		{8981559D-96AE-3B3B-AE2C-CDE44980897E} = {0EC63F18-96F1-30F3-B34B-E8059EFBB349}
		{FE0EB75E-D7A8-3B0F-866F-EB81D39A29E9} = {0EC63F18-96F1-30F3-B34B-E8059EFBB349}
		{58643451-3570-38D0-869E-A6EDE0B37EDC} = {0EC63F18-96F1-30F3-B34B-E8059EFBB349}
		{A043ED76-D24C-3D1A-B7F7-C8B9F74120A5} = {0EC63F18-96F1-30F3-B34B-E8059EFBB349}
		{0DEA32C2-CA69-3203-85D6-219672CDEF48} = {0EC63F18-96F1-30F3-B34B-E8059EFBB349}
		{EF01220B-2940-36C3-9707-08460D58A6E4} = {0EC63F18-96F1-30F3-B34B-E8059EFBB349}
		{0073A54C-9BB8-3975-A357-DE0E7654A5AE} = {0EC63F18-96F1-30F3-B34B-E8059EFBB349}
		{44838BA7-901E-3325-BC2F-3A1664EBB23F} = {AB36A339-F460-3EB0-B830-4B8B8F61B9CD}
		{1B5F858C-0AEC-3AEA-97C2-262EACA67F05} = {E02CD1FB-BFCB-35E1-A2DB-D19619569112}
	EndGlobalSection
	GlobalSection(ExtensibilityGlobals) = postSolution
		SolutionGuid = {97DB702C-7628-3BC1-B1DC-FE4CB8BE70EB}
	EndGlobalSection
	GlobalSection(ExtensibilityAddIns) = postSolution
	EndGlobalSection
EndGlobal
